
Microsoft Visual Studio Solution File, Format Version 12.00
# Visual Studio Version 17
VisualStudioVersion = 17.1.32319.34
MinimumVisualStudioVersion = 10.0.40219.1
Project("{FAE04EC0-301F-11D3-BF4B-00C04F79EFBC}") = "laba10employee", "laba10employee\laba10employee.csproj", "{7B497297-A2F0-4BE5-A81D-4E860B0E038B}"
EndProject
Global
	GlobalSection(SolutionConfigurationPlatforms) = preSolution
		Debug|Any CPU = Debug|Any CPU
		Release|Any CPU = Release|Any CPU
	EndGlobalSection
	GlobalSection(ProjectConfigurationPlatforms) = postSolution
		{7B497297-A2F0-4BE5-A81D-4E860B0E038B}.Debug|Any CPU.ActiveCfg = Debug|Any CPU
		{7B497297-A2F0-4BE5-A81D-4E860B0E038B}.Debug|Any CPU.Build.0 = Debug|Any CPU
		{7B497297-A2F0-4BE5-A81D-4E860B0E038B}.Release|Any CPU.ActiveCfg = Release|Any CPU
		{7B497297-A2F0-4BE5-A81D-4E860B0E038B}.Release|Any CPU.Build.0 = Release|Any CPU
	EndGlobalSection
	GlobalSection(SolutionProperties) = preSolution
		HideSolutionNode = FALSE
	EndGlobalSection
	GlobalSection(ExtensibilityGlobals) = postSolution
		SolutionGuid = {BF795C1D-0685-4435-857A-5AB35B48AD20}
	EndGlobalSection
EndGlobal
